
Microsoft Visual Studio Solution File, Format Version 12.00
# Visual Studio 15
VisualStudioVersion = 15.0.26124.0
MinimumVisualStudioVersion = 15.0.26124.0
Project("{FAE04EC0-301F-11D3-BF4B-00C04F79EFBC}") = "l2l.Data", "l2l.Data\l2l.Data.csproj", "{D504B47B-5049-4073-87B3-89E33080CBD0}"
EndProject
Project("{FAE04EC0-301F-11D3-BF4B-00C04F79EFBC}") = "l2l.Data.Tests", "l2l.Data.Tests\l2l.Data.Tests.csproj", "{A83FAB1B-7EB3-402C-B245-8825AA93DEF4}"
EndProject
Global
	GlobalSection(SolutionConfigurationPlatforms) = preSolution
		Debug|Any CPU = Debug|Any CPU
		Debug|x64 = Debug|x64
		Debug|x86 = Debug|x86
		Release|Any CPU = Release|Any CPU
		Release|x64 = Release|x64
		Release|x86 = Release|x86
	EndGlobalSection
	GlobalSection(SolutionProperties) = preSolution
		HideSolutionNode = FALSE
	EndGlobalSection
	GlobalSection(ProjectConfigurationPlatforms) = postSolution
		{D504B47B-5049-4073-87B3-89E33080CBD0}.Debug|Any CPU.ActiveCfg = Debug|Any CPU
		{D504B47B-5049-4073-87B3-89E33080CBD0}.Debug|Any CPU.Build.0 = Debug|Any CPU
		{D504B47B-5049-4073-87B3-89E33080CBD0}.Debug|x64.ActiveCfg = Debug|Any CPU
		{D504B47B-5049-4073-87B3-89E33080CBD0}.Debug|x64.Build.0 = Debug|Any CPU
		{D504B47B-5049-4073-87B3-89E33080CBD0}.Debug|x86.ActiveCfg = Debug|Any CPU
		{D504B47B-5049-4073-87B3-89E33080CBD0}.Debug|x86.Build.0 = Debug|Any CPU
		{D504B47B-5049-4073-87B3-89E33080CBD0}.Release|Any CPU.ActiveCfg = Release|Any CPU
		{D504B47B-5049-4073-87B3-89E33080CBD0}.Release|Any CPU.Build.0 = Release|Any CPU
		{D504B47B-5049-4073-87B3-89E33080CBD0}.Release|x64.ActiveCfg = Release|Any CPU
		{D504B47B-5049-4073-87B3-89E33080CBD0}.Release|x64.Build.0 = Release|Any CPU
		{D504B47B-5049-4073-87B3-89E33080CBD0}.Release|x86.ActiveCfg = Release|Any CPU
		{D504B47B-5049-4073-87B3-89E33080CBD0}.Release|x86.Build.0 = Release|Any CPU
		{A83FAB1B-7EB3-402C-B245-8825AA93DEF4}.Debug|Any CPU.ActiveCfg = Debug|Any CPU
		{A83FAB1B-7EB3-402C-B245-8825AA93DEF4}.Debug|Any CPU.Build.0 = Debug|Any CPU
		{A83FAB1B-7EB3-402C-B245-8825AA93DEF4}.Debug|x64.ActiveCfg = Debug|Any CPU
		{A83FAB1B-7EB3-402C-B245-8825AA93DEF4}.Debug|x64.Build.0 = Debug|Any CPU
		{A83FAB1B-7EB3-402C-B245-8825AA93DEF4}.Debug|x86.ActiveCfg = Debug|Any CPU
		{A83FAB1B-7EB3-402C-B245-8825AA93DEF4}.Debug|x86.Build.0 = Debug|Any CPU
		{A83FAB1B-7EB3-402C-B245-8825AA93DEF4}.Release|Any CPU.ActiveCfg = Release|Any CPU
		{A83FAB1B-7EB3-402C-B245-8825AA93DEF4}.Release|Any CPU.Build.0 = Release|Any CPU
		{A83FAB1B-7EB3-402C-B245-8825AA93DEF4}.Release|x64.ActiveCfg = Release|Any CPU
		{A83FAB1B-7EB3-402C-B245-8825AA93DEF4}.Release|x64.Build.0 = Release|Any CPU
		{A83FAB1B-7EB3-402C-B245-8825AA93DEF4}.Release|x86.ActiveCfg = Release|Any CPU
		{A83FAB1B-7EB3-402C-B245-8825AA93DEF4}.Release|x86.Build.0 = Release|Any CPU
	EndGlobalSection
EndGlobal
